
Microsoft Visual Studio Solution File, Format Version 12.00
# Visual Studio Version 16
VisualStudioVersion = 16.0.31129.286
MinimumVisualStudioVersion = 10.0.40219.1
Project("{FAE04EC0-301F-11D3-BF4B-00C04F79EFBC}") = "Reverse-TicTacToe", "Reverse-TicTacToe\Reverse-TicTacToe.csproj", "{E8193F48-C511-4E9C-A1F1-9AB99D8F7001}"
EndProject
Global
	GlobalSection(SolutionConfigurationPlatforms) = preSolution
		Debug|Any CPU = Debug|Any CPU
		Release|Any CPU = Release|Any CPU
	EndGlobalSection
	GlobalSection(ProjectConfigurationPlatforms) = postSolution
		{E8193F48-C511-4E9C-A1F1-9AB99D8F7001}.Debug|Any CPU.ActiveCfg = Debug|Any CPU
		{E8193F48-C511-4E9C-A1F1-9AB99D8F7001}.Debug|Any CPU.Build.0 = Debug|Any CPU
		{E8193F48-C511-4E9C-A1F1-9AB99D8F7001}.Release|Any CPU.ActiveCfg = Release|Any CPU
		{E8193F48-C511-4E9C-A1F1-9AB99D8F7001}.Release|Any CPU.Build.0 = Release|Any CPU
	EndGlobalSection
	GlobalSection(SolutionProperties) = preSolution
		HideSolutionNode = FALSE
	EndGlobalSection
	GlobalSection(ExtensibilityGlobals) = postSolution
		SolutionGuid = {BE3633E2-2377-4894-9392-34D51ED3D91B}
	EndGlobalSection
EndGlobal
